// !$*UTF8*$!
{
	archiveVersion = 1;
	classes = {
	};
	objectVersion = 46;
	objects = {

/* Begin PBXBuildFile section */
		FBFB627819ED6CD300AF72DC /* Foundation.framework in Frameworks */ = {isa = PBXBuildFile; fileRef = FBFB627719ED6CD300AF72DC /* Foundation.framework */; };
		FBFB627A19ED6CD300AF72DC /* CoreGraphics.framework in Frameworks */ = {isa = PBXBuildFile; fileRef = FBFB627919ED6CD300AF72DC /* CoreGraphics.framework */; };
		FBFB627C19ED6CD300AF72DC /* UIKit.framework in Frameworks */ = {isa = PBXBuildFile; fileRef = FBFB627B19ED6CD300AF72DC /* UIKit.framework */; };
		FBFB628219ED6CD400AF72DC /* InfoPlist.strings in Resources */ = {isa = PBXBuildFile; fileRef = FBFB628019ED6CD400AF72DC /* InfoPlist.strings */; };
		FBFB628419ED6CD400AF72DC /* main.m in Sources */ = {isa = PBXBuildFile; fileRef = FBFB628319ED6CD400AF72DC /* main.m */; };
		FBFB628819ED6CD400AF72DC /* AppDelegate.m in Sources */ = {isa = PBXBuildFile; fileRef = FBFB628719ED6CD400AF72DC /* AppDelegate.m */; };
		FBFB628B19ED6CD400AF72DC /* Main.storyboard in Resources */ = {isa = PBXBuildFile; fileRef = FBFB628919ED6CD400AF72DC /* Main.storyboard */; };
		FBFB628E19ED6CD400AF72DC /* ViewController.m in Sources */ = {isa = PBXBuildFile; fileRef = FBFB628D19ED6CD400AF72DC /* ViewController.m */; };
		FBFB629019ED6CD400AF72DC /* Images.xcassets in Resources */ = {isa = PBXBuildFile; fileRef = FBFB628F19ED6CD400AF72DC /* Images.xcassets */; };
		FBFB629719ED6CD400AF72DC /* XCTest.framework in Frameworks */ = {isa = PBXBuildFile; fileRef = FBFB629619ED6CD400AF72DC /* XCTest.framework */; };
		FBFB629819ED6CD400AF72DC /* Foundation.framework in Frameworks */ = {isa = PBXBuildFile; fileRef = FBFB627719ED6CD300AF72DC /* Foundation.framework */; };
		FBFB629919ED6CD400AF72DC /* UIKit.framework in Frameworks */ = {isa = PBXBuildFile; fileRef = FBFB627B19ED6CD300AF72DC /* UIKit.framework */; };
		FBFB62A119ED6CD400AF72DC /* InfoPlist.strings in Resources */ = {isa = PBXBuildFile; fileRef = FBFB629F19ED6CD400AF72DC /* InfoPlist.strings */; };
		FBFB62A319ED6CD400AF72DC /* CoreAnimationTests.m in Sources */ = {isa = PBXBuildFile; fileRef = FBFB62A219ED6CD400AF72DC /* CoreAnimationTests.m */; };
/* End PBXBuildFile section */

/* Begin PBXContainerItemProxy section */
		FBFB629A19ED6CD400AF72DC /* PBXContainerItemProxy */ = {
			isa = PBXContainerItemProxy;
			containerPortal = FBFB626C19ED6CD300AF72DC /* Project object */;
			proxyType = 1;
			remoteGlobalIDString = FBFB627319ED6CD300AF72DC;
			remoteInfo = CoreAnimation;
		};
/* End PBXContainerItemProxy section */

/* Begin PBXFileReference section */
		FBFB627419ED6CD300AF72DC /* CoreAnimation.app */ = {isa = PBXFileReference; explicitFileType = wrapper.application; includeInIndex = 0; path = CoreAnimation.app; sourceTree = BUILT_PRODUCTS_DIR; };
		FBFB627719ED6CD300AF72DC /* Foundation.framework */ = {isa = PBXFileReference; lastKnownFileType = wrapper.framework; name = Foundation.framework; path = System/Library/Frameworks/Foundation.framework; sourceTree = SDKROOT; };
		FBFB627919ED6CD300AF72DC /* CoreGraphics.framework */ = {isa = PBXFileReference; lastKnownFileType = wrapper.framework; name = CoreGraphics.framework; path = System/Library/Frameworks/CoreGraphics.framework; sourceTree = SDKROOT; };
		FBFB627B19ED6CD300AF72DC /* UIKit.framework */ = {isa = PBXFileReference; lastKnownFileType = wrapper.framework; name = UIKit.framework; path = System/Library/Frameworks/UIKit.framework; sourceTree = SDKROOT; };
		FBFB627F19ED6CD400AF72DC /* CoreAnimation-Info.plist */ = {isa = PBXFileReference; lastKnownFileType = text.plist.xml; path = "CoreAnimation-Info.plist"; sourceTree = "<group>"; };
		FBFB628119ED6CD400AF72DC /* en */ = {isa = PBXFileReference; lastKnownFileType = text.plist.strings; name = en; path = en.lproj/InfoPlist.strings; sourceTree = "<group>"; };
		FBFB628319ED6CD400AF72DC /* main.m */ = {isa = PBXFileReference; lastKnownFileType = sourcecode.c.objc; path = main.m; sourceTree = "<group>"; };
		FBFB628519ED6CD400AF72DC /* CoreAnimation-Prefix.pch */ = {isa = PBXFileReference; lastKnownFileType = sourcecode.c.h; path = "CoreAnimation-Prefix.pch"; sourceTree = "<group>"; };
		FBFB628619ED6CD400AF72DC /* AppDelegate.h */ = {isa = PBXFileReference; lastKnownFileType = sourcecode.c.h; path = AppDelegate.h; sourceTree = "<group>"; };
		FBFB628719ED6CD400AF72DC /* AppDelegate.m */ = {isa = PBXFileReference; lastKnownFileType = sourcecode.c.objc; path = AppDelegate.m; sourceTree = "<group>"; };
		FBFB628A19ED6CD400AF72DC /* Base */ = {isa = PBXFileReference; lastKnownFileType = file.storyboard; name = Base; path = Base.lproj/Main.storyboard; sourceTree = "<group>"; };
		FBFB628C19ED6CD400AF72DC /* ViewController.h */ = {isa = PBXFileReference; lastKnownFileType = sourcecode.c.h; path = ViewController.h; sourceTree = "<group>"; };
		FBFB628D19ED6CD400AF72DC /* ViewController.m */ = {isa = PBXFileReference; lastKnownFileType = sourcecode.c.objc; path = ViewController.m; sourceTree = "<group>"; };
		FBFB628F19ED6CD400AF72DC /* Images.xcassets */ = {isa = PBXFileReference; lastKnownFileType = folder.assetcatalog; path = Images.xcassets; sourceTree = "<group>"; };
		FBFB629519ED6CD400AF72DC /* CoreAnimationTests.xctest */ = {isa = PBXFileReference; explicitFileType = wrapper.cfbundle; includeInIndex = 0; path = CoreAnimationTests.xctest; sourceTree = BUILT_PRODUCTS_DIR; };
		FBFB629619ED6CD400AF72DC /* XCTest.framework */ = {isa = PBXFileReference; lastKnownFileType = wrapper.framework; name = XCTest.framework; path = Library/Frameworks/XCTest.framework; sourceTree = DEVELOPER_DIR; };
		FBFB629E19ED6CD400AF72DC /* CoreAnimationTests-Info.plist */ = {isa = PBXFileReference; lastKnownFileType = text.plist.xml; path = "CoreAnimationTests-Info.plist"; sourceTree = "<group>"; };
		FBFB62A019ED6CD400AF72DC /* en */ = {isa = PBXFileReference; lastKnownFileType = text.plist.strings; name = en; path = en.lproj/InfoPlist.strings; sourceTree = "<group>"; };
		FBFB62A219ED6CD400AF72DC /* CoreAnimationTests.m */ = {isa = PBXFileReference; lastKnownFileType = sourcecode.c.objc; path = CoreAnimationTests.m; sourceTree = "<group>"; };
/* End PBXFileReference section */

/* Begin PBXFrameworksBuildPhase section */
		FBFB627119ED6CD300AF72DC /* Frameworks */ = {
			isa = PBXFrameworksBuildPhase;
			buildActionMask = 2147483647;
			files = (
				FBFB627A19ED6CD300AF72DC /* CoreGraphics.framework in Frameworks */,
				FBFB627C19ED6CD300AF72DC /* UIKit.framework in Frameworks */,
				FBFB627819ED6CD300AF72DC /* Foundation.framework in Frameworks */,
			);
			runOnlyForDeploymentPostprocessing = 0;
		};
		FBFB629219ED6CD400AF72DC /* Frameworks */ = {
			isa = PBXFrameworksBuildPhase;
			buildActionMask = 2147483647;
			files = (
				FBFB629719ED6CD400AF72DC /* XCTest.framework in Frameworks */,
				FBFB629919ED6CD400AF72DC /* UIKit.framework in Frameworks */,
				FBFB629819ED6CD400AF72DC /* Foundation.framework in Frameworks */,
			);
			runOnlyForDeploymentPostprocessing = 0;
		};
/* End PBXFrameworksBuildPhase section */

/* Begin PBXGroup section */
		FBFB626B19ED6CD300AF72DC = {
			isa = PBXGroup;
			children = (
				FBFB627D19ED6CD300AF72DC /* CoreAnimation */,
				FBFB629C19ED6CD400AF72DC /* CoreAnimationTests */,
				FBFB627619ED6CD300AF72DC /* Frameworks */,
				FBFB627519ED6CD300AF72DC /* Products */,
			);
			sourceTree = "<group>";
		};
		FBFB627519ED6CD300AF72DC /* Products */ = {
			isa = PBXGroup;
			children = (
				FBFB627419ED6CD300AF72DC /* CoreAnimation.app */,
				FBFB629519ED6CD400AF72DC /* CoreAnimationTests.xctest */,
			);
			name = Products;
			sourceTree = "<group>";
		};
		FBFB627619ED6CD300AF72DC /* Frameworks */ = {
			isa = PBXGroup;
			children = (
				FBFB627719ED6CD300AF72DC /* Foundation.framework */,
				FBFB627919ED6CD300AF72DC /* CoreGraphics.framework */,
				FBFB627B19ED6CD300AF72DC /* UIKit.framework */,
				FBFB629619ED6CD400AF72DC /* XCTest.framework */,
			);
			name = Frameworks;
			sourceTree = "<group>";
		};
		FBFB627D19ED6CD300AF72DC /* CoreAnimation */ = {
			isa = PBXGroup;
			children = (
				FBFB628619ED6CD400AF72DC /* AppDelegate.h */,
				FBFB628719ED6CD400AF72DC /* AppDelegate.m */,
				FBFB628919ED6CD400AF72DC /* Main.storyboard */,
				FBFB628C19ED6CD400AF72DC /* ViewController.h */,
				FBFB628D19ED6CD400AF72DC /* ViewController.m */,
				FBFB628F19ED6CD400AF72DC /* Images.xcassets */,
				FBFB627E19ED6CD400AF72DC /* Supporting Files */,
			);
			path = CoreAnimation;
			sourceTree = "<group>";
		};
		FBFB627E19ED6CD400AF72DC /* Supporting Files */ = {
			isa = PBXGroup;
			children = (
				FBFB627F19ED6CD400AF72DC /* CoreAnimation-Info.plist */,
				FBFB628019ED6CD400AF72DC /* InfoPlist.strings */,
				FBFB628319ED6CD400AF72DC /* main.m */,
				FBFB628519ED6CD400AF72DC /* CoreAnimation-Prefix.pch */,
			);
			name = "Supporting Files";
			sourceTree = "<group>";
		};
		FBFB629C19ED6CD400AF72DC /* CoreAnimationTests */ = {
			isa = PBXGroup;
			children = (
				FBFB62A219ED6CD400AF72DC /* CoreAnimationTests.m */,
				FBFB629D19ED6CD400AF72DC /* Supporting Files */,
			);
			path = CoreAnimationTests;
			sourceTree = "<group>";
		};
		FBFB629D19ED6CD400AF72DC /* Supporting Files */ = {
			isa = PBXGroup;
			children = (
				FBFB629E19ED6CD400AF72DC /* CoreAnimationTests-Info.plist */,
				FBFB629F19ED6CD400AF72DC /* InfoPlist.strings */,
			);
			name = "Supporting Files";
			sourceTree = "<group>";
		};
/* End PBXGroup section */

/* Begin PBXNativeTarget section */
		FBFB627319ED6CD300AF72DC /* CoreAnimation */ = {
			isa = PBXNativeTarget;
			buildConfigurationList = FBFB62A619ED6CD400AF72DC /* Build configuration list for PBXNativeTarget "CoreAnimation" */;
			buildPhases = (
				FBFB627019ED6CD300AF72DC /* Sources */,
				FBFB627119ED6CD300AF72DC /* Frameworks */,
				FBFB627219ED6CD300AF72DC /* Resources */,
			);
			buildRules = (
			);
			dependencies = (
			);
			name = CoreAnimation;
			productName = CoreAnimation;
			productReference = FBFB627419ED6CD300AF72DC /* CoreAnimation.app */;
			productType = "com.apple.product-type.application";
		};
		FBFB629419ED6CD400AF72DC /* CoreAnimationTests */ = {
			isa = PBXNativeTarget;
			buildConfigurationList = FBFB62A919ED6CD400AF72DC /* Build configuration list for PBXNativeTarget "CoreAnimationTests" */;
			buildPhases = (
				FBFB629119ED6CD400AF72DC /* Sources */,
				FBFB629219ED6CD400AF72DC /* Frameworks */,
				FBFB629319ED6CD400AF72DC /* Resources */,
			);
			buildRules = (
			);
			dependencies = (
				FBFB629B19ED6CD400AF72DC /* PBXTargetDependency */,
			);
			name = CoreAnimationTests;
			productName = CoreAnimationTests;
			productReference = FBFB629519ED6CD400AF72DC /* CoreAnimationTests.xctest */;
			productType = "com.apple.product-type.bundle.unit-test";
		};
/* End PBXNativeTarget section */

/* Begin PBXProject section */
		FBFB626C19ED6CD300AF72DC /* Project object */ = {
			isa = PBXProject;
			attributes = {
				LastUpgradeCheck = 0510;
				ORGANIZATIONNAME = Jav1792;
				TargetAttributes = {
					FBFB629419ED6CD400AF72DC = {
						TestTargetID = FBFB627319ED6CD300AF72DC;
					};
				};
			};
			buildConfigurationList = FBFB626F19ED6CD300AF72DC /* Build configuration list for PBXProject "CoreAnimation" */;
			compatibilityVersion = "Xcode 3.2";
			developmentRegion = English;
			hasScannedForEncodings = 0;
			knownRegions = (
				en,
				Base,
			);
			mainGroup = FBFB626B19ED6CD300AF72DC;
			productRefGroup = FBFB627519ED6CD300AF72DC /* Products */;
			projectDirPath = "";
			projectRoot = "";
			targets = (
				FBFB627319ED6CD300AF72DC /* CoreAnimation */,
				FBFB629419ED6CD400AF72DC /* CoreAnimationTests */,
			);
		};
/* End PBXProject section */

/* Begin PBXResourcesBuildPhase section */
		FBFB627219ED6CD300AF72DC /* Resources */ = {
			isa = PBXResourcesBuildPhase;
			buildActionMask = 2147483647;
			files = (
				FBFB629019ED6CD400AF72DC /* Images.xcassets in Resources */,
				FBFB628219ED6CD400AF72DC /* InfoPlist.strings in Resources */,
				FBFB628B19ED6CD400AF72DC /* Main.storyboard in Resources */,
			);
			runOnlyForDeploymentPostprocessing = 0;
		};
		FBFB629319ED6CD400AF72DC /* Resources */ = {
			isa = PBXResourcesBuildPhase;
			buildActionMask = 2147483647;
			files = (
				FBFB62A119ED6CD400AF72DC /* InfoPlist.strings in Resources */,
			);
			runOnlyForDeploymentPostprocessing = 0;
		};
/* End PBXResourcesBuildPhase section */

/* Begin PBXSourcesBuildPhase section */
		FBFB627019ED6CD300AF72DC /* Sources */ = {
			isa = PBXSourcesBuildPhase;
			buildActionMask = 2147483647;
			files = (
				FBFB628E19ED6CD400AF72DC /* ViewController.m in Sources */,
				FBFB628819ED6CD400AF72DC /* AppDelegate.m in Sources */,
				FBFB628419ED6CD400AF72DC /* main.m in Sources */,
			);
			runOnlyForDeploymentPostprocessing = 0;
		};
		FBFB629119ED6CD400AF72DC /* Sources */ = {
			isa = PBXSourcesBuildPhase;
			buildActionMask = 2147483647;
			files = (
				FBFB62A319ED6CD400AF72DC /* CoreAnimationTests.m in Sources */,
			);
			runOnlyForDeploymentPostprocessing = 0;
		};
/* End PBXSourcesBuildPhase section */

/* Begin PBXTargetDependency section */
		FBFB629B19ED6CD400AF72DC /* PBXTargetDependency */ = {
			isa = PBXTargetDependency;
			target = FBFB627319ED6CD300AF72DC /* CoreAnimation */;
			targetProxy = FBFB629A19ED6CD400AF72DC /* PBXContainerItemProxy */;
		};
/* End PBXTargetDependency section */

/* Begin PBXVariantGroup section */
		FBFB628019ED6CD400AF72DC /* InfoPlist.strings */ = {
			isa = PBXVariantGroup;
			children = (
				FBFB628119ED6CD400AF72DC /* en */,
			);
			name = InfoPlist.strings;
			sourceTree = "<group>";
		};
		FBFB628919ED6CD400AF72DC /* Main.storyboard */ = {
			isa = PBXVariantGroup;
			children = (
				FBFB628A19ED6CD400AF72DC /* Base */,
			);
			name = Main.storyboard;
			sourceTree = "<group>";
		};
		FBFB629F19ED6CD400AF72DC /* InfoPlist.strings */ = {
			isa = PBXVariantGroup;
			children = (
				FBFB62A019ED6CD400AF72DC /* en */,
			);
			name = InfoPlist.strings;
			sourceTree = "<group>";
		};
/* End PBXVariantGroup section */

/* Begin XCBuildConfiguration section */
		FBFB62A419ED6CD400AF72DC /* Debug */ = {
			isa = XCBuildConfiguration;
			buildSettings = {
				ALWAYS_SEARCH_USER_PATHS = NO;
				CLANG_CXX_LANGUAGE_STANDARD = "gnu++0x";
				CLANG_CXX_LIBRARY = "libc++";
				CLANG_ENABLE_MODULES = YES;
				CLANG_ENABLE_OBJC_ARC = YES;
				CLANG_WARN_BOOL_CONVERSION = YES;
				CLANG_WARN_CONSTANT_CONVERSION = YES;
				CLANG_WARN_DIRECT_OBJC_ISA_USAGE = YES_ERROR;
				CLANG_WARN_EMPTY_BODY = YES;
				CLANG_WARN_ENUM_CONVERSION = YES;
				CLANG_WARN_INT_CONVERSION = YES;
				CLANG_WARN_OBJC_ROOT_CLASS = YES_ERROR;
				CLANG_WARN__DUPLICATE_METHOD_MATCH = YES;
				"CODE_SIGN_IDENTITY[sdk=iphoneos*]" = "iPhone Developer";
				COPY_PHASE_STRIP = NO;
				GCC_C_LANGUAGE_STANDARD = gnu99;
				GCC_DYNAMIC_NO_PIC = NO;
				GCC_OPTIMIZATION_LEVEL = 0;
				GCC_PREPROCESSOR_DEFINITIONS = (
					"DEBUG=1",
					"$(inherited)",
				);
				GCC_SYMBOLS_PRIVATE_EXTERN = NO;
				GCC_WARN_64_TO_32_BIT_CONVERSION = YES;
				GCC_WARN_ABOUT_RETURN_TYPE = YES_ERROR;
				GCC_WARN_UNDECLARED_SELECTOR = YES;
				GCC_WARN_UNINITIALIZED_AUTOS = YES_AGGRESSIVE;
				GCC_WARN_UNUSED_FUNCTION = YES;
				GCC_WARN_UNUSED_VARIABLE = YES;
				IPHONEOS_DEPLOYMENT_TARGET = 7.1;
				ONLY_ACTIVE_ARCH = YES;
				SDKROOT = iphoneos;
			};
			name = Debug;
		};
		FBFB62A519ED6CD400AF72DC /* Release */ = {
			isa = XCBuildConfiguration;
			buildSettings = {
				ALWAYS_SEARCH_USER_PATHS = NO;
				CLANG_CXX_LANGUAGE_STANDARD = "gnu++0x";
				CLANG_CXX_LIBRARY = "libc++";
				CLANG_ENABLE_MODULES = YES;
				CLANG_ENABLE_OBJC_ARC = YES;
				CLANG_WARN_BOOL_CONVERSION = YES;
				CLANG_WARN_CONSTANT_CONVERSION = YES;
				CLANG_WARN_DIRECT_OBJC_ISA_USAGE = YES_ERROR;
				CLANG_WARN_EMPTY_BODY = YES;
				CLANG_WARN_ENUM_CONVERSION = YES;
				CLANG_WARN_INT_CONVERSION = YES;
				CLANG_WARN_OBJC_ROOT_CLASS = YES_ERROR;
				CLANG_WARN__DUPLICATE_METHOD_MATCH = YES;
				"CODE_SIGN_IDENTITY[sdk=iphoneos*]" = "iPhone Developer";
				COPY_PHASE_STRIP = YES;
				ENABLE_NS_ASSERTIONS = NO;
				GCC_C_LANGUAGE_STANDARD = gnu99;
				GCC_WARN_64_TO_32_BIT_CONVERSION = YES;
				GCC_WARN_ABOUT_RETURN_TYPE = YES_ERROR;
				GCC_WARN_UNDECLARED_SELECTOR = YES;
				GCC_WARN_UNINITIALIZED_AUTOS = YES_AGGRESSIVE;
				GCC_WARN_UNUSED_FUNCTION = YES;
				GCC_WARN_UNUSED_VARIABLE = YES;
				IPHONEOS_DEPLOYMENT_TARGET = 7.1;
				SDKROOT = iphoneos;
				VALIDATE_PRODUCT = YES;
			};
			name = Release;
		};
		FBFB62A719ED6CD400AF72DC /* Debug */ = {
			isa = XCBuildConfiguration;
			buildSettings = {
				ASSETCATALOG_COMPILER_APPICON_NAME = AppIcon;
				ASSETCATALOG_COMPILER_LAUNCHIMAGE_NAME = LaunchImage;
				GCC_PRECOMPILE_PREFIX_HEADER = YES;
				GCC_PREFIX_HEADER = "CoreAnimation/CoreAnimation-Prefix.pch";
				INFOPLIST_FILE = "CoreAnimation/CoreAnimation-Info.plist";
				PRODUCT_NAME = "$(TARGET_NAME)";
				WRAPPER_EXTENSION = app;
			};
			name = Debug;
		};
		FBFB62A819ED6CD400AF72DC /* Release */ = {
			isa = XCBuildConfiguration;
			buildSettings = {
				ASSETCATALOG_COMPILER_APPICON_NAME = AppIcon;
				ASSETCATALOG_COMPILER_LAUNCHIMAGE_NAME = LaunchImage;
				GCC_PRECOMPILE_PREFIX_HEADER = YES;
				GCC_PREFIX_HEADER = "CoreAnimation/CoreAnimation-Prefix.pch";
				INFOPLIST_FILE = "CoreAnimation/CoreAnimation-Info.plist";
				PRODUCT_NAME = "$(TARGET_NAME)";
				WRAPPER_EXTENSION = app;
			};
			name = Release;
		};
		FBFB62AA19ED6CD400AF72DC /* Debug */ = {
			isa = XCBuildConfiguration;
			buildSettings = {
				BUNDLE_LOADER = "$(BUILT_PRODUCTS_DIR)/CoreAnimation.app/CoreAnimation";
				FRAMEWORK_SEARCH_PATHS = (
					"$(SDKROOT)/Developer/Library/Frameworks",
					"$(inherited)",
					"$(DEVELOPER_FRAMEWORKS_DIR)",
				);
				GCC_PRECOMPILE_PREFIX_HEADER = YES;
				GCC_PREFIX_HEADER = "CoreAnimation/CoreAnimation-Prefix.pch";
				GCC_PREPROCESSOR_DEFINITIONS = (
					"DEBUG=1",
					"$(inherited)",
				);
				INFOPLIST_FILE = "CoreAnimationTests/CoreAnimationTests-Info.plist";
				PRODUCT_NAME = "$(TARGET_NAME)";
				TEST_HOST = "$(BUNDLE_LOADER)";
				WRAPPER_EXTENSION = xctest;
			};
			name = Debug;
		};
		FBFB62AB19ED6CD400AF72DC /* Release */ = {
			isa = XCBuildConfiguration;
			buildSettings = {
				BUNDLE_LOADER = "$(BUILT_PRODUCTS_DIR)/CoreAnimation.app/CoreAnimation";
				FRAMEWORK_SEARCH_PATHS = (
					"$(SDKROOT)/Developer/Library/Frameworks",
					"$(inherited)",
					"$(DEVELOPER_FRAMEWORKS_DIR)",
				);
				GCC_PRECOMPILE_PREFIX_HEADER = YES;
				GCC_PREFIX_HEADER = "CoreAnimation/CoreAnimation-Prefix.pch";
				INFOPLIST_FILE = "CoreAnimationTests/CoreAnimationTests-Info.plist";
				PRODUCT_NAME = "$(TARGET_NAME)";
				TEST_HOST = "$(BUNDLE_LOADER)";
				WRAPPER_EXTENSION = xctest;
			};
			name = Release;
		};
/* End XCBuildConfiguration section */

/* Begin XCConfigurationList section */
		FBFB626F19ED6CD300AF72DC /* Build configuration list for PBXProject "CoreAnimation" */ = {
			isa = XCConfigurationList;
			buildConfigurations = (
				FBFB62A419ED6CD400AF72DC /* Debug */,
				FBFB62A519ED6CD400AF72DC /* Release */,
			);
			defaultConfigurationIsVisible = 0;
			defaultConfigurationName = Release;
		};
		FBFB62A619ED6CD400AF72DC /* Build configuration list for PBXNativeTarget "CoreAnimation" */ = {
			isa = XCConfigurationList;
			buildConfigurations = (
				FBFB62A719ED6CD400AF72DC /* Debug */,
				FBFB62A819ED6CD400AF72DC /* Release */,
			);
			defaultConfigurationIsVisible = 0;
		};
		FBFB62A919ED6CD400AF72DC /* Build configuration list for PBXNativeTarget "CoreAnimationTests" */ = {
			isa = XCConfigurationList;
			buildConfigurations = (
				FBFB62AA19ED6CD400AF72DC /* Debug */,
				FBFB62AB19ED6CD400AF72DC /* Release */,
			);
			defaultConfigurationIsVisible = 0;
		};
/* End XCConfigurationList section */
	};
	rootObject = FBFB626C19ED6CD300AF72DC /* Project object */;
}
